
Microsoft Visual Studio Solution File, Format Version 12.00
# Visual Studio 15
VisualStudioVersion = 15.0.27004.2009
MinimumVisualStudioVersion = 10.0.40219.1
Project("{FAE04EC0-301F-11D3-BF4B-00C04F79EFBC}") = "BLineRidez", "BLineRidez\BLineRidez.csproj", "{B8B00730-5D1B-46E9-838C-EA792BE42D87}"
EndProject
Global
	GlobalSection(SolutionConfigurationPlatforms) = preSolution
		Debug|Any CPU = Debug|Any CPU
		Release|Any CPU = Release|Any CPU
	EndGlobalSection
	GlobalSection(ProjectConfigurationPlatforms) = postSolution
		{B8B00730-5D1B-46E9-838C-EA792BE42D87}.Debug|Any CPU.ActiveCfg = Debug|Any CPU
		{B8B00730-5D1B-46E9-838C-EA792BE42D87}.Debug|Any CPU.Build.0 = Debug|Any CPU
		{B8B00730-5D1B-46E9-838C-EA792BE42D87}.Release|Any CPU.ActiveCfg = Release|Any CPU
		{B8B00730-5D1B-46E9-838C-EA792BE42D87}.Release|Any CPU.Build.0 = Release|Any CPU
	EndGlobalSection
	GlobalSection(SolutionProperties) = preSolution
		HideSolutionNode = FALSE
	EndGlobalSection
	GlobalSection(ExtensibilityGlobals) = postSolution
		SolutionGuid = {7A5A0904-8D76-4683-A23B-1DB3062528B7}
	EndGlobalSection
EndGlobal
